# This file is automatically @generated by Cargo.
# It is not intended for manual editing.
[[package]]
name = "serde"
version = "1.0.91"
source = "registry+https://github.com/rust-lang/crates.io-index"

[[package]]
name = "warnalyzer"
version = "0.1.0"
dependencies = [
 "serde 1.0.91 (registry+https://github.com/rust-lang/crates.io-index)",
]

[metadata]
"checksum serde 1.0.91 (registry+https://github.com/rust-lang/crates.io-index)" = "a72e9b96fa45ce22a4bc23da3858dfccfd60acd28a25bcd328a98fdd6bea43fd"
