# This file is automatically @generated by Cargo.
# It is not intended for manual editing.
[[package]]
name = "binary-thing"
version = "0.1.0"
dependencies = [
 "library-thing 0.1.0",
]

[[package]]
name = "high-level-library"
version = "0.1.0"

[[package]]
name = "library-thing"
version = "0.1.0"
dependencies = [
 "high-level-library 0.1.0",
]

